
Microsoft Visual Studio Solution File, Format Version 12.00
# Visual Studio Version 16
VisualStudioVersion = 16.0.31605.320
MinimumVisualStudioVersion = 10.0.40219.1
Project("{FAE04EC0-301F-11D3-BF4B-00C04F79EFBC}") = "A6_2Methods", "A6_2Methods.csproj", "{0B0C6CC8-1B69-4217-A8B6-3D0DE7B3E9C8}"
EndProject
Global
	GlobalSection(SolutionConfigurationPlatforms) = preSolution
		Debug|Any CPU = Debug|Any CPU
		Release|Any CPU = Release|Any CPU
	EndGlobalSection
	GlobalSection(ProjectConfigurationPlatforms) = postSolution
		{0B0C6CC8-1B69-4217-A8B6-3D0DE7B3E9C8}.Debug|Any CPU.ActiveCfg = Debug|Any CPU
		{0B0C6CC8-1B69-4217-A8B6-3D0DE7B3E9C8}.Debug|Any CPU.Build.0 = Debug|Any CPU
		{0B0C6CC8-1B69-4217-A8B6-3D0DE7B3E9C8}.Release|Any CPU.ActiveCfg = Release|Any CPU
		{0B0C6CC8-1B69-4217-A8B6-3D0DE7B3E9C8}.Release|Any CPU.Build.0 = Release|Any CPU
	EndGlobalSection
	GlobalSection(SolutionProperties) = preSolution
		HideSolutionNode = FALSE
	EndGlobalSection
	GlobalSection(ExtensibilityGlobals) = postSolution
		SolutionGuid = {46117357-4143-4198-92E1-B5E41FC19725}
	EndGlobalSection
EndGlobal
